
Microsoft Visual Studio Solution File, Format Version 12.00
# Visual Studio 15
VisualStudioVersion = 15.0.27130.2010
MinimumVisualStudioVersion = 10.0.40219.1
Project("{FAE04EC0-301F-11D3-BF4B-00C04F79EFBC}") = "EmpaticaBLEClient", "EmpaticaBLEClient.csproj", "{D4B6DAE7-C526-4740-BBE8-C19EA1E59A09}"
EndProject
Global
	GlobalSection(SolutionConfigurationPlatforms) = preSolution
		Debug|Any CPU = Debug|Any CPU
		Release|Any CPU = Release|Any CPU
	EndGlobalSection
	GlobalSection(ProjectConfigurationPlatforms) = postSolution
		{D4B6DAE7-C526-4740-BBE8-C19EA1E59A09}.Debug|Any CPU.ActiveCfg = Debug|Any CPU
		{D4B6DAE7-C526-4740-BBE8-C19EA1E59A09}.Debug|Any CPU.Build.0 = Debug|Any CPU
		{D4B6DAE7-C526-4740-BBE8-C19EA1E59A09}.Release|Any CPU.ActiveCfg = Release|Any CPU
		{D4B6DAE7-C526-4740-BBE8-C19EA1E59A09}.Release|Any CPU.Build.0 = Release|Any CPU
	EndGlobalSection
	GlobalSection(SolutionProperties) = preSolution
		HideSolutionNode = FALSE
	EndGlobalSection
	GlobalSection(ExtensibilityGlobals) = postSolution
		SolutionGuid = {AB13B25C-C345-4156-B8D1-E9F0929583D0}
	EndGlobalSection
EndGlobal
